{"filter":false,"title":"Gemfile.lock","tooltip":"/hello_app/Gemfile.lock","undoManager":{"mark":-1,"position":-1,"stack":[]},"ace":{"folds":[],"scrolltop":1770.5,"scrollleft":0,"selection":{"start":{"row":0,"column":0},"end":{"row":0,"column":0},"isBackwards":false},"options":{"guessTabSize":true,"useWrapMode":false,"wrapToView":true},"firstLineState":{"row":4,"state":"start","mode":"ace/mode/text"}},"timestamp":1632665098003,"hash":"96b7bbe7c48fa3e0374ff16792a360147a840d54"}